
Microsoft Visual Studio Solution File, Format Version 12.00
# Visual Studio Version 16
VisualStudioVersion = 16.0.32802.440
MinimumVisualStudioVersion = 10.0.40219.1
Project("{FAE04EC0-301F-11D3-BF4B-00C04F79EFBC}") = "BabelStandalone", "BabelStandalone\BabelStandalone.csproj", "{D6DFE330-B595-48D0-BFA9-5203EAA7962C}"
EndProject
Global
	GlobalSection(SolutionConfigurationPlatforms) = preSolution
		Debug|Any CPU = Debug|Any CPU
		Release|Any CPU = Release|Any CPU
	EndGlobalSection
	GlobalSection(ProjectConfigurationPlatforms) = postSolution
		{D6DFE330-B595-48D0-BFA9-5203EAA7962C}.Debug|Any CPU.ActiveCfg = Debug|Any CPU
		{D6DFE330-B595-48D0-BFA9-5203EAA7962C}.Debug|Any CPU.Build.0 = Debug|Any CPU
		{D6DFE330-B595-48D0-BFA9-5203EAA7962C}.Release|Any CPU.ActiveCfg = Release|Any CPU
		{D6DFE330-B595-48D0-BFA9-5203EAA7962C}.Release|Any CPU.Build.0 = Release|Any CPU
	EndGlobalSection
	GlobalSection(SolutionProperties) = preSolution
		HideSolutionNode = FALSE
	EndGlobalSection
	GlobalSection(ExtensibilityGlobals) = postSolution
		SolutionGuid = {36D64E9A-9ABF-4D75-86AF-DE14196BA900}
	EndGlobalSection
EndGlobal
